
Microsoft Visual Studio Solution File, Format Version 12.00
# Visual Studio Version 17
VisualStudioVersion = 17.9.34728.123
MinimumVisualStudioVersion = 10.0.40219.1
Project("{FAE04EC0-301F-11D3-BF4B-00C04F79EFBC}") = "opwarmers", "opwarmers\opwarmers.csproj", "{AB84409B-EFD1-465E-94EB-700F9E080887}"
EndProject
Global
	GlobalSection(SolutionConfigurationPlatforms) = preSolution
		Debug|Any CPU = Debug|Any CPU
		Release|Any CPU = Release|Any CPU
	EndGlobalSection
	GlobalSection(ProjectConfigurationPlatforms) = postSolution
		{AB84409B-EFD1-465E-94EB-700F9E080887}.Debug|Any CPU.ActiveCfg = Debug|Any CPU
		{AB84409B-EFD1-465E-94EB-700F9E080887}.Debug|Any CPU.Build.0 = Debug|Any CPU
		{AB84409B-EFD1-465E-94EB-700F9E080887}.Release|Any CPU.ActiveCfg = Release|Any CPU
		{AB84409B-EFD1-465E-94EB-700F9E080887}.Release|Any CPU.Build.0 = Release|Any CPU
	EndGlobalSection
	GlobalSection(SolutionProperties) = preSolution
		HideSolutionNode = FALSE
	EndGlobalSection
	GlobalSection(ExtensibilityGlobals) = postSolution
		SolutionGuid = {A787655D-E918-4F82-B79D-1ADBD8378C1B}
	EndGlobalSection
EndGlobal
